
Microsoft Visual Studio Solution File, Format Version 12.00
# Visual Studio Version 16
VisualStudioVersion = 16.0.30517.126
MinimumVisualStudioVersion = 10.0.40219.1
Project("{FAE04EC0-301F-11D3-BF4B-00C04F79EFBC}") = "ImdSolidPrinciples", "ImdSolidPrinciples.csproj", "{DFAD821D-A971-4E69-825A-197AA4CA60CC}"
EndProject
Global
	GlobalSection(SolutionConfigurationPlatforms) = preSolution
		Debug|Any CPU = Debug|Any CPU
		Release|Any CPU = Release|Any CPU
	EndGlobalSection
	GlobalSection(ProjectConfigurationPlatforms) = postSolution
		{DFAD821D-A971-4E69-825A-197AA4CA60CC}.Debug|Any CPU.ActiveCfg = Debug|Any CPU
		{DFAD821D-A971-4E69-825A-197AA4CA60CC}.Debug|Any CPU.Build.0 = Debug|Any CPU
		{DFAD821D-A971-4E69-825A-197AA4CA60CC}.Release|Any CPU.ActiveCfg = Release|Any CPU
		{DFAD821D-A971-4E69-825A-197AA4CA60CC}.Release|Any CPU.Build.0 = Release|Any CPU
	EndGlobalSection
	GlobalSection(SolutionProperties) = preSolution
		HideSolutionNode = FALSE
	EndGlobalSection
	GlobalSection(ExtensibilityGlobals) = postSolution
		SolutionGuid = {44953BD8-35D5-4686-B516-E793BB91A3A2}
	EndGlobalSection
EndGlobal
